
Microsoft Visual Studio Solution File, Format Version 12.00
# Visual Studio Version 16
VisualStudioVersion = 16.0.33529.622
MinimumVisualStudioVersion = 10.0.40219.1
Project("{FAE04EC0-301F-11D3-BF4B-00C04F79EFBC}") = "DPAbstractyFactory", "DPAbstractyFactory\DPAbstractyFactory.csproj", "{58D89372-55E7-46AB-A4EF-080CA4D3AFF1}"
EndProject
Global
	GlobalSection(SolutionConfigurationPlatforms) = preSolution
		Debug|Any CPU = Debug|Any CPU
		Release|Any CPU = Release|Any CPU
	EndGlobalSection
	GlobalSection(ProjectConfigurationPlatforms) = postSolution
		{58D89372-55E7-46AB-A4EF-080CA4D3AFF1}.Debug|Any CPU.ActiveCfg = Debug|Any CPU
		{58D89372-55E7-46AB-A4EF-080CA4D3AFF1}.Debug|Any CPU.Build.0 = Debug|Any CPU
		{58D89372-55E7-46AB-A4EF-080CA4D3AFF1}.Release|Any CPU.ActiveCfg = Release|Any CPU
		{58D89372-55E7-46AB-A4EF-080CA4D3AFF1}.Release|Any CPU.Build.0 = Release|Any CPU
	EndGlobalSection
	GlobalSection(SolutionProperties) = preSolution
		HideSolutionNode = FALSE
	EndGlobalSection
	GlobalSection(ExtensibilityGlobals) = postSolution
		SolutionGuid = {CC860C6F-AC3D-49EF-8E3F-4B7B1D1B9701}
	EndGlobalSection
EndGlobal
